github.com/gofrs/uuid/v5 v5.3.2 h1:2jfO8j3XgSwlz/wHqemAEugfnTlikAYHhnqQ8Xh4fE0=
github.com/gofrs/uuid/v5 v5.3.2/go.mod h1:CDOjlDMVAtN56jqyRUZh58JT31Tiw7/oQyEXZV+9bD8=
go.jetify.com/typeid/v2 v2.0.0-alpha.3 h1:T6RPx6bNl10lp0JN2Xz/XcgLZWSlVmL58Xqy9cgTCcc=
go.jetify.com/typeid/v2 v2.0.0-alpha.3/go.mod h1:zfD1ZDHDJNgXZANsO9jDOD81XRRQ0zAOnDBEHmIV/Gw=
